
Microsoft Visual Studio Solution File, Format Version 12.00
# Visual Studio Version 17
VisualStudioVersion = 17.0.31410.414
MinimumVisualStudioVersion = 10.0.40219.1
Project("{FAE04EC0-301F-11D3-BF4B-00C04F79EFBC}") = "BooksClient", "BooksClient\BooksClient.csproj", "{97723169-7D0F-4CA2-9E1E-EFC2314E9035}"
EndProject
Global
	GlobalSection(SolutionConfigurationPlatforms) = preSolution
		Debug|Any CPU = Debug|Any CPU
		Release|Any CPU = Release|Any CPU
	EndGlobalSection
	GlobalSection(ProjectConfigurationPlatforms) = postSolution
		{97723169-7D0F-4CA2-9E1E-EFC2314E9035}.Debug|Any CPU.ActiveCfg = Debug|Any CPU
		{97723169-7D0F-4CA2-9E1E-EFC2314E9035}.Debug|Any CPU.Build.0 = Debug|Any CPU
		{97723169-7D0F-4CA2-9E1E-EFC2314E9035}.Release|Any CPU.ActiveCfg = Release|Any CPU
		{97723169-7D0F-4CA2-9E1E-EFC2314E9035}.Release|Any CPU.Build.0 = Release|Any CPU
	EndGlobalSection
	GlobalSection(SolutionProperties) = preSolution
		HideSolutionNode = FALSE
	EndGlobalSection
	GlobalSection(ExtensibilityGlobals) = postSolution
		SolutionGuid = {23FF9C9F-8695-4430-84A8-972B7E41B133}
	EndGlobalSection
EndGlobal
