
Microsoft Visual Studio Solution File, Format Version 12.00
# Visual Studio Version 17
VisualStudioVersion = 17.0.31410.414
MinimumVisualStudioVersion = 10.0.40219.1
Project("{FAE04EC0-301F-11D3-BF4B-00C04F79EFBC}") = "ppedv.TestingBooks.Model", "ppedv.TestingBooks.Model\ppedv.TestingBooks.Model.csproj", "{91E6B97A-C6E4-40F6-8033-C524F60146CA}"
EndProject
Project("{FAE04EC0-301F-11D3-BF4B-00C04F79EFBC}") = "ppedv.TestingBooks.Data.EFCore", "ppedv.TestingBooks.Data.EFCore\ppedv.TestingBooks.Data.EFCore.csproj", "{0F3843B8-A1D6-403F-8815-90F9436E3DD8}"
EndProject
Project("{FAE04EC0-301F-11D3-BF4B-00C04F79EFBC}") = "ppedv.TestingBooks.Data.EFCore.Tests", "ppedv.TestingBooks.Data.EFCore.Tests\ppedv.TestingBooks.Data.EFCore.Tests.csproj", "{66841141-E516-48E4-9E06-347EF2F5B625}"
EndProject
Project("{FAE04EC0-301F-11D3-BF4B-00C04F79EFBC}") = "ppedv.TestingBooks.Logic", "ppedv.TestingBooks.Logic\ppedv.TestingBooks.Logic.csproj", "{C9759FBA-1079-436F-B267-03EEAF71AA5C}"
EndProject
Project("{FAE04EC0-301F-11D3-BF4B-00C04F79EFBC}") = "ppedv.TestingBooks.UI.TestConsole", "ppedv.TestingBooks.UI.TestConsole\ppedv.TestingBooks.UI.TestConsole.csproj", "{9579E963-393B-48DE-9CE7-13192CFDFCC7}"
EndProject
Project("{FAE04EC0-301F-11D3-BF4B-00C04F79EFBC}") = "ppedv.TestingBooks.Logic.Tests", "ppedv.TestingBooks.Logic.Tests\ppedv.TestingBooks.Logic.Tests.csproj", "{B20BBCF9-82BE-4D4B-8027-CBF04C12B5CB}"
EndProject
Global
	GlobalSection(SolutionConfigurationPlatforms) = preSolution
		Debug|Any CPU = Debug|Any CPU
		Release|Any CPU = Release|Any CPU
	EndGlobalSection
	GlobalSection(ProjectConfigurationPlatforms) = postSolution
		{91E6B97A-C6E4-40F6-8033-C524F60146CA}.Debug|Any CPU.ActiveCfg = Debug|Any CPU
		{91E6B97A-C6E4-40F6-8033-C524F60146CA}.Debug|Any CPU.Build.0 = Debug|Any CPU
		{91E6B97A-C6E4-40F6-8033-C524F60146CA}.Release|Any CPU.ActiveCfg = Release|Any CPU
		{91E6B97A-C6E4-40F6-8033-C524F60146CA}.Release|Any CPU.Build.0 = Release|Any CPU
		{0F3843B8-A1D6-403F-8815-90F9436E3DD8}.Debug|Any CPU.ActiveCfg = Debug|Any CPU
		{0F3843B8-A1D6-403F-8815-90F9436E3DD8}.Debug|Any CPU.Build.0 = Debug|Any CPU
		{0F3843B8-A1D6-403F-8815-90F9436E3DD8}.Release|Any CPU.ActiveCfg = Release|Any CPU
		{0F3843B8-A1D6-403F-8815-90F9436E3DD8}.Release|Any CPU.Build.0 = Release|Any CPU
		{66841141-E516-48E4-9E06-347EF2F5B625}.Debug|Any CPU.ActiveCfg = Debug|Any CPU
		{66841141-E516-48E4-9E06-347EF2F5B625}.Debug|Any CPU.Build.0 = Debug|Any CPU
		{66841141-E516-48E4-9E06-347EF2F5B625}.Release|Any CPU.ActiveCfg = Release|Any CPU
		{66841141-E516-48E4-9E06-347EF2F5B625}.Release|Any CPU.Build.0 = Release|Any CPU
		{C9759FBA-1079-436F-B267-03EEAF71AA5C}.Debug|Any CPU.ActiveCfg = Debug|Any CPU
		{C9759FBA-1079-436F-B267-03EEAF71AA5C}.Debug|Any CPU.Build.0 = Debug|Any CPU
		{C9759FBA-1079-436F-B267-03EEAF71AA5C}.Release|Any CPU.ActiveCfg = Release|Any CPU
		{C9759FBA-1079-436F-B267-03EEAF71AA5C}.Release|Any CPU.Build.0 = Release|Any CPU
		{9579E963-393B-48DE-9CE7-13192CFDFCC7}.Debug|Any CPU.ActiveCfg = Debug|Any CPU
		{9579E963-393B-48DE-9CE7-13192CFDFCC7}.Debug|Any CPU.Build.0 = Debug|Any CPU
		{9579E963-393B-48DE-9CE7-13192CFDFCC7}.Release|Any CPU.ActiveCfg = Release|Any CPU
		{9579E963-393B-48DE-9CE7-13192CFDFCC7}.Release|Any CPU.Build.0 = Release|Any CPU
		{B20BBCF9-82BE-4D4B-8027-CBF04C12B5CB}.Debug|Any CPU.ActiveCfg = Debug|Any CPU
		{B20BBCF9-82BE-4D4B-8027-CBF04C12B5CB}.Debug|Any CPU.Build.0 = Debug|Any CPU
		{B20BBCF9-82BE-4D4B-8027-CBF04C12B5CB}.Release|Any CPU.ActiveCfg = Release|Any CPU
		{B20BBCF9-82BE-4D4B-8027-CBF04C12B5CB}.Release|Any CPU.Build.0 = Release|Any CPU
	EndGlobalSection
	GlobalSection(SolutionProperties) = preSolution
		HideSolutionNode = FALSE
	EndGlobalSection
	GlobalSection(ExtensibilityGlobals) = postSolution
		SolutionGuid = {B5EF9A6D-302A-4A71-BA89-B2B9F2126D8C}
	EndGlobalSection
EndGlobal
